// !$*UTF8*$!
{
	archiveVersion = 1;
	classes = {
	};
	objectVersion = 51;
	objects = {

/* Begin PBXBuildFile section */
		3B1297912343170100773461 /* AppDelegate.swift in Sources */ = {isa = PBXBuildFile; fileRef = 3B1297902343170100773461 /* AppDelegate.swift */; };
		3B1297932343170100773461 /* WelcomeViewController.swift in Sources */ = {isa = PBXBuildFile; fileRef = 3B1297922343170100773461 /* WelcomeViewController.swift */; };
		3B1297962343170100773461 /* Main.storyboard in Resources */ = {isa = PBXBuildFile; fileRef = 3B1297942343170100773461 /* Main.storyboard */; };
		3B1297982343170200773461 /* Assets.xcassets in Resources */ = {isa = PBXBuildFile; fileRef = 3B1297972343170200773461 /* Assets.xcassets */; };
		3B12979B2343170200773461 /* LaunchScreen.storyboard in Resources */ = {isa = PBXBuildFile; fileRef = 3B1297992343170200773461 /* LaunchScreen.storyboard */; };
		3B1297A62343424B00773461 /* Message.swift in Sources */ = {isa = PBXBuildFile; fileRef = 3B1297A52343424B00773461 /* Message.swift */; };
		3B1297A8234342FB00773461 /* LogInViewController.swift in Sources */ = {isa = PBXBuildFile; fileRef = 3B1297A7234342FB00773461 /* LogInViewController.swift */; };
		3B1297AA2343433D00773461 /* RegisterViewController.swift in Sources */ = {isa = PBXBuildFile; fileRef = 3B1297A92343433D00773461 /* RegisterViewController.swift */; };
		3B1297AC2343437900773461 /* ChatViewController.swift in Sources */ = {isa = PBXBuildFile; fileRef = 3B1297AB2343437900773461 /* ChatViewController.swift */; };
		3B1B6893234674C300DE3DC3 /* CustomMessageCell.swift in Sources */ = {isa = PBXBuildFile; fileRef = 3B1B6891234674C300DE3DC3 /* CustomMessageCell.swift */; };
		3B1B6894234674C300DE3DC3 /* MessageCell.xib in Resources */ = {isa = PBXBuildFile; fileRef = 3B1B6892234674C300DE3DC3 /* MessageCell.xib */; };
		3B1F76D32343A52A0077E530 /* GoogleService-Info.plist in Resources */ = {isa = PBXBuildFile; fileRef = 3B1F76D22343A52A0077E530 /* GoogleService-Info.plist */; };
		445DA25CF12DC577AC4BB300 /* Pods_Flash_Chat.framework in Frameworks */ = {isa = PBXBuildFile; fileRef = 9B48F0971C6491231E912091 /* Pods_Flash_Chat.framework */; };
/* End PBXBuildFile section */

/* Begin PBXFileReference section */
		3B12978D2343170100773461 /* Flash-Chat.app */ = {isa = PBXFileReference; explicitFileType = wrapper.application; includeInIndex = 0; path = "Flash-Chat.app"; sourceTree = BUILT_PRODUCTS_DIR; };
		3B1297902343170100773461 /* AppDelegate.swift */ = {isa = PBXFileReference; lastKnownFileType = sourcecode.swift; path = AppDelegate.swift; sourceTree = "<group>"; };
		3B1297922343170100773461 /* WelcomeViewController.swift */ = {isa = PBXFileReference; lastKnownFileType = sourcecode.swift; path = WelcomeViewController.swift; sourceTree = "<group>"; };
		3B1297952343170100773461 /* Base */ = {isa = PBXFileReference; lastKnownFileType = file.storyboard; name = Base; path = Base.lproj/Main.storyboard; sourceTree = "<group>"; };
		3B1297972343170200773461 /* Assets.xcassets */ = {isa = PBXFileReference; lastKnownFileType = folder.assetcatalog; path = Assets.xcassets; sourceTree = "<group>"; };
		3B12979A2343170200773461 /* Base */ = {isa = PBXFileReference; lastKnownFileType = file.storyboard; name = Base; path = Base.lproj/LaunchScreen.storyboard; sourceTree = "<group>"; };
		3B12979C2343170200773461 /* Info.plist */ = {isa = PBXFileReference; lastKnownFileType = text.plist.xml; path = Info.plist; sourceTree = "<group>"; };
		3B1297A52343424B00773461 /* Message.swift */ = {isa = PBXFileReference; lastKnownFileType = sourcecode.swift; path = Message.swift; sourceTree = "<group>"; };
		3B1297A7234342FB00773461 /* LogInViewController.swift */ = {isa = PBXFileReference; lastKnownFileType = sourcecode.swift; path = LogInViewController.swift; sourceTree = "<group>"; };
		3B1297A92343433D00773461 /* RegisterViewController.swift */ = {isa = PBXFileReference; lastKnownFileType = sourcecode.swift; path = RegisterViewController.swift; sourceTree = "<group>"; };
		3B1297AB2343437900773461 /* ChatViewController.swift */ = {isa = PBXFileReference; lastKnownFileType = sourcecode.swift; path = ChatViewController.swift; sourceTree = "<group>"; };
		3B1B6891234674C300DE3DC3 /* CustomMessageCell.swift */ = {isa = PBXFileReference; lastKnownFileType = sourcecode.swift; path = CustomMessageCell.swift; sourceTree = "<group>"; };
		3B1B6892234674C300DE3DC3 /* MessageCell.xib */ = {isa = PBXFileReference; lastKnownFileType = file.xib; path = MessageCell.xib; sourceTree = "<group>"; };
		3B1F76D22343A52A0077E530 /* GoogleService-Info.plist */ = {isa = PBXFileReference; fileEncoding = 4; lastKnownFileType = text.plist.xml; path = "GoogleService-Info.plist"; sourceTree = "<group>"; };
		93E1467192D5F7661BE2E9C8 /* Pods-Flash-Chat.debug.xcconfig */ = {isa = PBXFileReference; includeInIndex = 1; lastKnownFileType = text.xcconfig; name = "Pods-Flash-Chat.debug.xcconfig"; path = "Target Support Files/Pods-Flash-Chat/Pods-Flash-Chat.debug.xcconfig"; sourceTree = "<group>"; };
		9B48F0971C6491231E912091 /* Pods_Flash_Chat.framework */ = {isa = PBXFileReference; explicitFileType = wrapper.framework; includeInIndex = 0; path = Pods_Flash_Chat.framework; sourceTree = BUILT_PRODUCTS_DIR; };
		EF92A5D840EDDF70D88315AF /* Pods-Flash-Chat.release.xcconfig */ = {isa = PBXFileReference; includeInIndex = 1; lastKnownFileType = text.xcconfig; name = "Pods-Flash-Chat.release.xcconfig"; path = "Target Support Files/Pods-Flash-Chat/Pods-Flash-Chat.release.xcconfig"; sourceTree = "<group>"; };
/* End PBXFileReference section */

/* Begin PBXFrameworksBuildPhase section */
		3B12978A2343170100773461 /* Frameworks */ = {
			isa = PBXFrameworksBuildPhase;
			buildActionMask = 2147483647;
			files = (
				445DA25CF12DC577AC4BB300 /* Pods_Flash_Chat.framework in Frameworks */,
			);
			runOnlyForDeploymentPostprocessing = 0;
		};
/* End PBXFrameworksBuildPhase section */

/* Begin PBXGroup section */
		3B1297842343170100773461 = {
			isa = PBXGroup;
			children = (
				3B12978F2343170100773461 /* Flash-Chat */,
				3B12978E2343170100773461 /* Products */,
				671231EFBE0454F508477B6F /* Pods */,
				5F78340FF6F8A92694615802 /* Frameworks */,
			);
			sourceTree = "<group>";
		};
		3B12978E2343170100773461 /* Products */ = {
			isa = PBXGroup;
			children = (
				3B12978D2343170100773461 /* Flash-Chat.app */,
			);
			name = Products;
			sourceTree = "<group>";
		};
		3B12978F2343170100773461 /* Flash-Chat */ = {
			isa = PBXGroup;
			children = (
				3B1297A4234317C400773461 /* Controller */,
				3B1297A3234317BA00773461 /* View */,
				3B1297A2234317AB00773461 /* Model */,
				3B1297972343170200773461 /* Assets.xcassets */,
				3B12979C2343170200773461 /* Info.plist */,
				3B1F76D22343A52A0077E530 /* GoogleService-Info.plist */,
			);
			path = "Flash-Chat";
			sourceTree = "<group>";
		};
		3B1297A2234317AB00773461 /* Model */ = {
			isa = PBXGroup;
			children = (
				3B1297A52343424B00773461 /* Message.swift */,
			);
			path = Model;
			sourceTree = "<group>";
		};
		3B1297A3234317BA00773461 /* View */ = {
			isa = PBXGroup;
			children = (
				3B1B68902346736800DE3DC3 /* Custom Cell */,
				3B1297942343170100773461 /* Main.storyboard */,
				3B1297992343170200773461 /* LaunchScreen.storyboard */,
			);
			path = View;
			sourceTree = "<group>";
		};
		3B1297A4234317C400773461 /* Controller */ = {
			isa = PBXGroup;
			children = (
				3B1297902343170100773461 /* AppDelegate.swift */,
				3B1297922343170100773461 /* WelcomeViewController.swift */,
				3B1297A7234342FB00773461 /* LogInViewController.swift */,
				3B1297A92343433D00773461 /* RegisterViewController.swift */,
				3B1297AB2343437900773461 /* ChatViewController.swift */,
			);
			path = Controller;
			sourceTree = "<group>";
		};
		3B1B68902346736800DE3DC3 /* Custom Cell */ = {
			isa = PBXGroup;
			children = (
				3B1B6891234674C300DE3DC3 /* CustomMessageCell.swift */,
				3B1B6892234674C300DE3DC3 /* MessageCell.xib */,
			);
			path = "Custom Cell";
			sourceTree = "<group>";
		};
		5F78340FF6F8A92694615802 /* Frameworks */ = {
			isa = PBXGroup;
			children = (
				9B48F0971C6491231E912091 /* Pods_Flash_Chat.framework */,
			);
			name = Frameworks;
			sourceTree = "<group>";
		};
		671231EFBE0454F508477B6F /* Pods */ = {
			isa = PBXGroup;
			children = (
				93E1467192D5F7661BE2E9C8 /* Pods-Flash-Chat.debug.xcconfig */,
				EF92A5D840EDDF70D88315AF /* Pods-Flash-Chat.release.xcconfig */,
			);
			path = Pods;
			sourceTree = "<group>";
		};
/* End PBXGroup section */

/* Begin PBXNativeTarget section */
		3B12978C2343170100773461 /* Flash-Chat */ = {
			isa = PBXNativeTarget;
			buildConfigurationList = 3B12979F2343170200773461 /* Build configuration list for PBXNativeTarget "Flash-Chat" */;
			buildPhases = (
				77DCF42F4B4BD6EE8FD94B64 /* [CP] Check Pods Manifest.lock */,
				3B1297892343170100773461 /* Sources */,
				3B12978A2343170100773461 /* Frameworks */,
				3B12978B2343170100773461 /* Resources */,
				0B8B5025503141B2E41AA415 /* [CP] Embed Pods Frameworks */,
			);
			buildRules = (
			);
			dependencies = (
			);
			name = "Flash-Chat";
			productName = "Flash-Chat";
			productReference = 3B12978D2343170100773461 /* Flash-Chat.app */;
			productType = "com.apple.product-type.application";
		};
/* End PBXNativeTarget section */

/* Begin PBXProject section */
		3B1297852343170100773461 /* Project object */ = {
			isa = PBXProject;
			attributes = {
				LastSwiftUpdateCheck = 1020;
				LastUpgradeCheck = 1020;
				ORGANIZATIONNAME = Mostafa;
				TargetAttributes = {
					3B12978C2343170100773461 = {
						CreatedOnToolsVersion = 10.2;
					};
				};
			};
			buildConfigurationList = 3B1297882343170100773461 /* Build configuration list for PBXProject "Flash-Chat" */;
			compatibilityVersion = "Xcode 9.3";
			developmentRegion = en;
			hasScannedForEncodings = 0;
			knownRegions = (
				en,
				Base,
			);
			mainGroup = 3B1297842343170100773461;
			productRefGroup = 3B12978E2343170100773461 /* Products */;
			projectDirPath = "";
			projectRoot = "";
			targets = (
				3B12978C2343170100773461 /* Flash-Chat */,
			);
		};
/* End PBXProject section */

/* Begin PBXResourcesBuildPhase section */
		3B12978B2343170100773461 /* Resources */ = {
			isa = PBXResourcesBuildPhase;
			buildActionMask = 2147483647;
			files = (
				3B12979B2343170200773461 /* LaunchScreen.storyboard in Resources */,
				3B1F76D32343A52A0077E530 /* GoogleService-Info.plist in Resources */,
				3B1297982343170200773461 /* Assets.xcassets in Resources */,
				3B1B6894234674C300DE3DC3 /* MessageCell.xib in Resources */,
				3B1297962343170100773461 /* Main.storyboard in Resources */,
			);
			runOnlyForDeploymentPostprocessing = 0;
		};
/* End PBXResourcesBuildPhase section */

/* Begin PBXShellScriptBuildPhase section */
		0B8B5025503141B2E41AA415 /* [CP] Embed Pods Frameworks */ = {
			isa = PBXShellScriptBuildPhase;
			buildActionMask = 2147483647;
			files = (
			);
			inputFileListPaths = (
				"${PODS_ROOT}/Target Support Files/Pods-Flash-Chat/Pods-Flash-Chat-frameworks-${CONFIGURATION}-input-files.xcfilelist",
			);
			name = "[CP] Embed Pods Frameworks";
			outputFileListPaths = (
				"${PODS_ROOT}/Target Support Files/Pods-Flash-Chat/Pods-Flash-Chat-frameworks-${CONFIGURATION}-output-files.xcfilelist",
			);
			runOnlyForDeploymentPostprocessing = 0;
			shellPath = /bin/sh;
			shellScript = "\"${PODS_ROOT}/Target Support Files/Pods-Flash-Chat/Pods-Flash-Chat-frameworks.sh\"\n";
			showEnvVarsInLog = 0;
		};
		77DCF42F4B4BD6EE8FD94B64 /* [CP] Check Pods Manifest.lock */ = {
			isa = PBXShellScriptBuildPhase;
			buildActionMask = 2147483647;
			files = (
			);
			inputFileListPaths = (
			);
			inputPaths = (
				"${PODS_PODFILE_DIR_PATH}/Podfile.lock",
				"${PODS_ROOT}/Manifest.lock",
			);
			name = "[CP] Check Pods Manifest.lock";
			outputFileListPaths = (
			);
			outputPaths = (
				"$(DERIVED_FILE_DIR)/Pods-Flash-Chat-checkManifestLockResult.txt",
			);
			runOnlyForDeploymentPostprocessing = 0;
			shellPath = /bin/sh;
			shellScript = "diff \"${PODS_PODFILE_DIR_PATH}/Podfile.lock\" \"${PODS_ROOT}/Manifest.lock\" > /dev/null\nif [ $? != 0 ] ; then\n    # print error to STDERR\n    echo \"error: The sandbox is not in sync with the Podfile.lock. Run 'pod install' or update your CocoaPods installation.\" >&2\n    exit 1\nfi\n# This output is used by Xcode 'outputs' to avoid re-running this script phase.\necho \"SUCCESS\" > \"${SCRIPT_OUTPUT_FILE_0}\"\n";
			showEnvVarsInLog = 0;
		};
/* End PBXShellScriptBuildPhase section */

/* Begin PBXSourcesBuildPhase section */
		3B1297892343170100773461 /* Sources */ = {
			isa = PBXSourcesBuildPhase;
			buildActionMask = 2147483647;
			files = (
				3B1B6893234674C300DE3DC3 /* CustomMessageCell.swift in Sources */,
				3B1297A8234342FB00773461 /* LogInViewController.swift in Sources */,
				3B1297AA2343433D00773461 /* RegisterViewController.swift in Sources */,
				3B1297932343170100773461 /* WelcomeViewController.swift in Sources */,
				3B1297A62343424B00773461 /* Message.swift in Sources */,
				3B1297AC2343437900773461 /* ChatViewController.swift in Sources */,
				3B1297912343170100773461 /* AppDelegate.swift in Sources */,
			);
			runOnlyForDeploymentPostprocessing = 0;
		};
/* End PBXSourcesBuildPhase section */

/* Begin PBXVariantGroup section */
		3B1297942343170100773461 /* Main.storyboard */ = {
			isa = PBXVariantGroup;
			children = (
				3B1297952343170100773461 /* Base */,
			);
			name = Main.storyboard;
			sourceTree = "<group>";
		};
		3B1297992343170200773461 /* LaunchScreen.storyboard */ = {
			isa = PBXVariantGroup;
			children = (
				3B12979A2343170200773461 /* Base */,
			);
			name = LaunchScreen.storyboard;
			sourceTree = "<group>";
		};
/* End PBXVariantGroup section */

/* Begin XCBuildConfiguration section */
		3B12979D2343170200773461 /* Debug */ = {
			isa = XCBuildConfiguration;
			buildSettings = {
				ALWAYS_SEARCH_USER_PATHS = NO;
				CLANG_ANALYZER_NONNULL = YES;
				CLANG_ANALYZER_NUMBER_OBJECT_CONVERSION = YES_AGGRESSIVE;
				CLANG_CXX_LANGUAGE_STANDARD = "gnu++14";
				CLANG_CXX_LIBRARY = "libc++";
				CLANG_ENABLE_MODULES = YES;
				CLANG_ENABLE_OBJC_ARC = YES;
				CLANG_ENABLE_OBJC_WEAK = YES;
				CLANG_WARN_BLOCK_CAPTURE_AUTORELEASING = YES;
				CLANG_WARN_BOOL_CONVERSION = YES;
				CLANG_WARN_COMMA = YES;
				CLANG_WARN_CONSTANT_CONVERSION = YES;
				CLANG_WARN_DEPRECATED_OBJC_IMPLEMENTATIONS = YES;
				CLANG_WARN_DIRECT_OBJC_ISA_USAGE = YES_ERROR;
				CLANG_WARN_DOCUMENTATION_COMMENTS = YES;
				CLANG_WARN_EMPTY_BODY = YES;
				CLANG_WARN_ENUM_CONVERSION = YES;
				CLANG_WARN_INFINITE_RECURSION = YES;
				CLANG_WARN_INT_CONVERSION = YES;
				CLANG_WARN_NON_LITERAL_NULL_CONVERSION = YES;
				CLANG_WARN_OBJC_IMPLICIT_RETAIN_SELF = YES;
				CLANG_WARN_OBJC_LITERAL_CONVERSION = YES;
				CLANG_WARN_OBJC_ROOT_CLASS = YES_ERROR;
				CLANG_WARN_RANGE_LOOP_ANALYSIS = YES;
				CLANG_WARN_STRICT_PROTOTYPES = YES;
				CLANG_WARN_SUSPICIOUS_MOVE = YES;
				CLANG_WARN_UNGUARDED_AVAILABILITY = YES_AGGRESSIVE;
				CLANG_WARN_UNREACHABLE_CODE = YES;
				CLANG_WARN__DUPLICATE_METHOD_MATCH = YES;
				CODE_SIGN_IDENTITY = "iPhone Developer";
				COPY_PHASE_STRIP = NO;
				DEBUG_INFORMATION_FORMAT = dwarf;
				ENABLE_STRICT_OBJC_MSGSEND = YES;
				ENABLE_TESTABILITY = YES;
				GCC_C_LANGUAGE_STANDARD = gnu11;
				GCC_DYNAMIC_NO_PIC = NO;
				GCC_NO_COMMON_BLOCKS = YES;
				GCC_OPTIMIZATION_LEVEL = 0;
				GCC_PREPROCESSOR_DEFINITIONS = (
					"DEBUG=1",
					"$(inherited)",
				);
				GCC_WARN_64_TO_32_BIT_CONVERSION = YES;
				GCC_WARN_ABOUT_RETURN_TYPE = YES_ERROR;
				GCC_WARN_UNDECLARED_SELECTOR = YES;
				GCC_WARN_UNINITIALIZED_AUTOS = YES_AGGRESSIVE;
				GCC_WARN_UNUSED_FUNCTION = YES;
				GCC_WARN_UNUSED_VARIABLE = YES;
				IPHONEOS_DEPLOYMENT_TARGET = 12.2;
				MTL_ENABLE_DEBUG_INFO = INCLUDE_SOURCE;
				MTL_FAST_MATH = YES;
				ONLY_ACTIVE_ARCH = YES;
				SDKROOT = iphoneos;
				SWIFT_ACTIVE_COMPILATION_CONDITIONS = DEBUG;
				SWIFT_OPTIMIZATION_LEVEL = "-Onone";
			};
			name = Debug;
		};
		3B12979E2343170200773461 /* Release */ = {
			isa = XCBuildConfiguration;
			buildSettings = {
				ALWAYS_SEARCH_USER_PATHS = NO;
				CLANG_ANALYZER_NONNULL = YES;
				CLANG_ANALYZER_NUMBER_OBJECT_CONVERSION = YES_AGGRESSIVE;
				CLANG_CXX_LANGUAGE_STANDARD = "gnu++14";
				CLANG_CXX_LIBRARY = "libc++";
				CLANG_ENABLE_MODULES = YES;
				CLANG_ENABLE_OBJC_ARC = YES;
				CLANG_ENABLE_OBJC_WEAK = YES;
				CLANG_WARN_BLOCK_CAPTURE_AUTORELEASING = YES;
				CLANG_WARN_BOOL_CONVERSION = YES;
				CLANG_WARN_COMMA = YES;
				CLANG_WARN_CONSTANT_CONVERSION = YES;
				CLANG_WARN_DEPRECATED_OBJC_IMPLEMENTATIONS = YES;
				CLANG_WARN_DIRECT_OBJC_ISA_USAGE = YES_ERROR;
				CLANG_WARN_DOCUMENTATION_COMMENTS = YES;
				CLANG_WARN_EMPTY_BODY = YES;
				CLANG_WARN_ENUM_CONVERSION = YES;
				CLANG_WARN_INFINITE_RECURSION = YES;
				CLANG_WARN_INT_CONVERSION = YES;
				CLANG_WARN_NON_LITERAL_NULL_CONVERSION = YES;
				CLANG_WARN_OBJC_IMPLICIT_RETAIN_SELF = YES;
				CLANG_WARN_OBJC_LITERAL_CONVERSION = YES;
				CLANG_WARN_OBJC_ROOT_CLASS = YES_ERROR;
				CLANG_WARN_RANGE_LOOP_ANALYSIS = YES;
				CLANG_WARN_STRICT_PROTOTYPES = YES;
				CLANG_WARN_SUSPICIOUS_MOVE = YES;
				CLANG_WARN_UNGUARDED_AVAILABILITY = YES_AGGRESSIVE;
				CLANG_WARN_UNREACHABLE_CODE = YES;
				CLANG_WARN__DUPLICATE_METHOD_MATCH = YES;
				CODE_SIGN_IDENTITY = "iPhone Developer";
				COPY_PHASE_STRIP = NO;
				DEBUG_INFORMATION_FORMAT = "dwarf-with-dsym";
				ENABLE_NS_ASSERTIONS = NO;
				ENABLE_STRICT_OBJC_MSGSEND = YES;
				GCC_C_LANGUAGE_STANDARD = gnu11;
				GCC_NO_COMMON_BLOCKS = YES;
				GCC_WARN_64_TO_32_BIT_CONVERSION = YES;
				GCC_WARN_ABOUT_RETURN_TYPE = YES_ERROR;
				GCC_WARN_UNDECLARED_SELECTOR = YES;
				GCC_WARN_UNINITIALIZED_AUTOS = YES_AGGRESSIVE;
				GCC_WARN_UNUSED_FUNCTION = YES;
				GCC_WARN_UNUSED_VARIABLE = YES;
				IPHONEOS_DEPLOYMENT_TARGET = 12.2;
				MTL_ENABLE_DEBUG_INFO = NO;
				MTL_FAST_MATH = YES;
				SDKROOT = iphoneos;
				SWIFT_COMPILATION_MODE = wholemodule;
				SWIFT_OPTIMIZATION_LEVEL = "-O";
				VALIDATE_PRODUCT = YES;
			};
			name = Release;
		};
		3B1297A02343170200773461 /* Debug */ = {
			isa = XCBuildConfiguration;
			baseConfigurationReference = 93E1467192D5F7661BE2E9C8 /* Pods-Flash-Chat.debug.xcconfig */;
			buildSettings = {
				ASSETCATALOG_COMPILER_APPICON_NAME = AppIcon;
				CODE_SIGN_STYLE = Automatic;
				INFOPLIST_FILE = "Flash-Chat/Info.plist";
				LD_RUNPATH_SEARCH_PATHS = (
					"$(inherited)",
					"@executable_path/Frameworks",
				);
				PRODUCT_BUNDLE_IDENTIFIER = "com.mostafa.Flash-Chat";
				PRODUCT_NAME = "$(TARGET_NAME)";
				SWIFT_VERSION = 5.0;
				TARGETED_DEVICE_FAMILY = 1;
			};
			name = Debug;
		};
		3B1297A12343170200773461 /* Release */ = {
			isa = XCBuildConfiguration;
			baseConfigurationReference = EF92A5D840EDDF70D88315AF /* Pods-Flash-Chat.release.xcconfig */;
			buildSettings = {
				ASSETCATALOG_COMPILER_APPICON_NAME = AppIcon;
				CODE_SIGN_STYLE = Automatic;
				INFOPLIST_FILE = "Flash-Chat/Info.plist";
				LD_RUNPATH_SEARCH_PATHS = (
					"$(inherited)",
					"@executable_path/Frameworks",
				);
				PRODUCT_BUNDLE_IDENTIFIER = "com.mostafa.Flash-Chat";
				PRODUCT_NAME = "$(TARGET_NAME)";
				SWIFT_VERSION = 5.0;
				TARGETED_DEVICE_FAMILY = 1;
			};
			name = Release;
		};
/* End XCBuildConfiguration section */

/* Begin XCConfigurationList section */
		3B1297882343170100773461 /* Build configuration list for PBXProject "Flash-Chat" */ = {
			isa = XCConfigurationList;
			buildConfigurations = (
				3B12979D2343170200773461 /* Debug */,
				3B12979E2343170200773461 /* Release */,
			);
			defaultConfigurationIsVisible = 0;
			defaultConfigurationName = Release;
		};
		3B12979F2343170200773461 /* Build configuration list for PBXNativeTarget "Flash-Chat" */ = {
			isa = XCConfigurationList;
			buildConfigurations = (
				3B1297A02343170200773461 /* Debug */,
				3B1297A12343170200773461 /* Release */,
			);
			defaultConfigurationIsVisible = 0;
			defaultConfigurationName = Release;
		};
/* End XCConfigurationList section */
	};
	rootObject = 3B1297852343170100773461 /* Project object */;
}
